{
  "name": "todo",
  "lockfileVersion": 2,
  "requires": true,
  "packages": {
    "": {
      "dependencies": {
        "alpinejs": "^3.8.1",
        "todomvc-app-css": "^2.0.0",
        "todomvc-common": "^1.0.0"
      }
    },
    "node_modules/@vue/reactivity": {
      "version": "3.1.5",
      "resolved": "https://registry.npmjs.org/@vue/reactivity/-/reactivity-3.1.5.tgz",
      "integrity": "sha512-1tdfLmNjWG6t/CsPldh+foumYFo3cpyCHgBYQ34ylaMsJ+SNHQ1kApMIa8jN+i593zQuaw3AdWH0nJTARzCFhg==",
      "dependencies": {
        "@vue/shared": "3.1.5"
      }
    },
    "node_modules/@vue/shared": {
      "version": "3.1.5",
      "resolved": "https://registry.npmjs.org/@vue/shared/-/shared-3.1.5.tgz",
      "integrity": "sha512-oJ4F3TnvpXaQwZJNF3ZK+kLPHKarDmJjJ6jyzVNDKH9md1dptjC7lWR//jrGuLdek/U6iltWxqAnYOu8gCiOvA=="
    },
    "node_modules/alpinejs": {
      "version": "3.8.1",
      "resolved": "https://registry.npmjs.org/alpinejs/-/alpinejs-3.8.1.tgz",
      "integrity": "sha512-IZ82+7C2PlzfvgvA6yfyiCzEn9CZGWwpBqqiHBTABOXs8WS6f1a30Va7yOemTgSzW6QGT/iEWRXG/XEbat/X7A==",
      "dependencies": {
        "@vue/reactivity": "~3.1.1"
      }
    },
    "node_modules/todomvc-app-css": {
      "version": "2.4.1",
      "resolved": "https://registry.npmjs.org/todomvc-app-css/-/todomvc-app-css-2.4.1.tgz",
      "integrity": "sha512-1mZYRG435VmqIw1WahBYhAJbyfH4HnRNI8EgF4ypK4R1RjwgBBvXd0N57ZwCa1lbHzYBraA6+dVyAg3GAPEACQ=="
    },
    "node_modules/todomvc-common": {
      "version": "1.0.5",
      "resolved": "https://registry.npmjs.org/todomvc-common/-/todomvc-common-1.0.5.tgz",
      "integrity": "sha512-D8kEJmxVMQIWwztEdH+WeiAfXRbbSCpgXq4NkYi+gduJ2tr8CNq7sYLfJvjpQ10KD9QxJwig57rvMbV2QAESwQ=="
    }
  },
  "dependencies": {
    "@vue/reactivity": {
      "version": "3.1.5",
      "resolved": "https://registry.npmjs.org/@vue/reactivity/-/reactivity-3.1.5.tgz",
      "integrity": "sha512-1tdfLmNjWG6t/CsPldh+foumYFo3cpyCHgBYQ34ylaMsJ+SNHQ1kApMIa8jN+i593zQuaw3AdWH0nJTARzCFhg==",
      "requires": {
        "@vue/shared": "3.1.5"
      }
    },
    "@vue/shared": {
      "version": "3.1.5",
      "resolved": "https://registry.npmjs.org/@vue/shared/-/shared-3.1.5.tgz",
      "integrity": "sha512-oJ4F3TnvpXaQwZJNF3ZK+kLPHKarDmJjJ6jyzVNDKH9md1dptjC7lWR//jrGuLdek/U6iltWxqAnYOu8gCiOvA=="
    },
    "alpinejs": {
      "version": "3.8.1",
      "resolved": "https://registry.npmjs.org/alpinejs/-/alpinejs-3.8.1.tgz",
      "integrity": "sha512-IZ82+7C2PlzfvgvA6yfyiCzEn9CZGWwpBqqiHBTABOXs8WS6f1a30Va7yOemTgSzW6QGT/iEWRXG/XEbat/X7A==",
      "requires": {
        "@vue/reactivity": "~3.1.1"
      }
    },
    "todomvc-app-css": {
      "version": "2.4.1",
      "resolved": "https://registry.npmjs.org/todomvc-app-css/-/todomvc-app-css-2.4.1.tgz",
      "integrity": "sha512-1mZYRG435VmqIw1WahBYhAJbyfH4HnRNI8EgF4ypK4R1RjwgBBvXd0N57ZwCa1lbHzYBraA6+dVyAg3GAPEACQ=="
    },
    "todomvc-common": {
      "version": "1.0.5",
      "resolved": "https://registry.npmjs.org/todomvc-common/-/todomvc-common-1.0.5.tgz",
      "integrity": "sha512-D8kEJmxVMQIWwztEdH+WeiAfXRbbSCpgXq4NkYi+gduJ2tr8CNq7sYLfJvjpQ10KD9QxJwig57rvMbV2QAESwQ=="
    }
  }
}
